
Microsoft Visual Studio Solution File, Format Version 12.00
# Visual Studio Version 16
VisualStudioVersion = 16.0.31702.278
MinimumVisualStudioVersion = 10.0.40219.1
Project("{FAE04EC0-301F-11D3-BF4B-00C04F79EFBC}") = "COS_Lab_4", "COS_Lab_4\COS_Lab_4.csproj", "{D8D4F443-9975-4973-A295-9FB3EB4D5E4E}"
EndProject
Global
	GlobalSection(SolutionConfigurationPlatforms) = preSolution
		Debug|Any CPU = Debug|Any CPU
		Release|Any CPU = Release|Any CPU
	EndGlobalSection
	GlobalSection(ProjectConfigurationPlatforms) = postSolution
		{D8D4F443-9975-4973-A295-9FB3EB4D5E4E}.Debug|Any CPU.ActiveCfg = Debug|Any CPU
		{D8D4F443-9975-4973-A295-9FB3EB4D5E4E}.Debug|Any CPU.Build.0 = Debug|Any CPU
		{D8D4F443-9975-4973-A295-9FB3EB4D5E4E}.Release|Any CPU.ActiveCfg = Release|Any CPU
		{D8D4F443-9975-4973-A295-9FB3EB4D5E4E}.Release|Any CPU.Build.0 = Release|Any CPU
	EndGlobalSection
	GlobalSection(SolutionProperties) = preSolution
		HideSolutionNode = FALSE
	EndGlobalSection
	GlobalSection(ExtensibilityGlobals) = postSolution
		SolutionGuid = {1898548C-04EC-4D20-88D5-D36BE51CFF70}
	EndGlobalSection
EndGlobal
